gitlab.minum.cloud/BackendTeam/pkg/wxmpsdk v0.0.0-20250121030930-a8d4c8ad3449 h1:ygVvxJ1rzlMGXDMPVVXfDnrtQK8pO1BZ8/6qCZi5Wbk=
gitlab.minum.cloud/BackendTeam/pkg/wxmpsdk v0.0.0-20250121030930-a8d4c8ad3449/go.mod h1:xRnwwC6Nx2B+oh82rQqZX0GcT4hz/lsA1qmDrIN/qiI=
go.uber.org/multierr v1.10.0 h1:S0h4aNzvfcFsC3dRF1jLoaov7oRaKqRGC/pUEJ2yvPQ=
go.uber.org/multierr v1.10.0/go.mod h1:20+QtiLqy0Nd6FdQB9TLXag12DsQkrbs3htMFfDN80Y=
go.uber.org/zap v1.26.0 h1:sI7k6L95XOKS281NhVKOFCUNIvv9e0w4BF8N3u+tCRo=
go.uber.org/zap v1.26.0/go.mod h1:dtElttAiwGvoJ/vj4IwHBS/gXsEu/pZ50mUIRWuG0so=
